
Microsoft Visual Studio Solution File, Format Version 12.00
# Visual Studio 15
VisualStudioVersion = 15.0.27703.2026
MinimumVisualStudioVersion = 10.0.40219.1
Project("{8BC9CEB8-8B4A-11D0-8D11-00A0C91BC942}") = "Datastructure", "Datastructure\Datastructure.vcxproj", "{D2426979-3FA3-471F-8B43-8D8667215044}"
EndProject
Project("{2150E333-8FDC-42A3-9474-1A3956D46DE8}") = "Chapter_03", "Chapter_03", "{4951688E-31CD-4B55-933B-A6229D7C3EC5}"
EndProject
Project("{2150E333-8FDC-42A3-9474-1A3956D46DE8}") = "Example", "Example", "{FA75ED9B-7233-4FE6-8241-C4CA7FBCD3CF}"
EndProject
Project("{8BC9CEB8-8B4A-11D0-8D11-00A0C91BC942}") = "0301_ListMain", "0301_ListMain\0301_ListMain.vcxproj", "{E6ED5C1E-7BB0-4C60-AF97-A34F79D0EEEE}"
EndProject
Project("{2150E333-8FDC-42A3-9474-1A3956D46DE8}") = "Question", "Question", "{A3ED404C-E530-443B-A4BC-BFA7625EB1AF}"
EndProject
Project("{8BC9CEB8-8B4A-11D0-8D11-00A0C91BC942}") = "0301_Question", "0301_Question\0301_Question.vcxproj", "{3E1A4A5A-A6FA-441A-9824-B57FF5311A6C}"
EndProject
Project("{8BC9CEB8-8B4A-11D0-8D11-00A0C91BC942}") = "0302_ArrayList", "0302_ArrayList\0302_ArrayList.vcxproj", "{08F02AC3-7F10-4690-89A5-BBF77975F7AD}"
EndProject
Project("{8BC9CEB8-8B4A-11D0-8D11-00A0C91BC942}") = "0303_Point", "0303_Point\0303_Point.vcxproj", "{00E9BE53-FF85-41CF-BA55-1CF6F4DFF544}"
EndProject
Project("{8BC9CEB8-8B4A-11D0-8D11-00A0C91BC942}") = "0302_Question", "0302_Question\0302_Question.vcxproj", "{C122218A-4542-4266-AA8D-771C35549D23}"
EndProject
Project("{2150E333-8FDC-42A3-9474-1A3956D46DE8}") = "Chapter_07", "Chapter_07", "{629A2468-53AD-427B-8B4D-8D41A3A5F4F9}"
EndProject
Project("{2150E333-8FDC-42A3-9474-1A3956D46DE8}") = "Example", "Example", "{9059E25A-4F94-4496-8DE9-4308DAE175F4}"
EndProject
Project("{8BC9CEB8-8B4A-11D0-8D11-00A0C91BC942}") = "0701_CircularQueue", "0701_CircularQueue\0701_CircularQueue.vcxproj", "{AE2164EC-6082-4308-A319-18D4A977B0BF}"
EndProject
Project("{8BC9CEB8-8B4A-11D0-8D11-00A0C91BC942}") = "0702_ListBaseQueue", "0702_ListBaseQueue\0702_ListBaseQueue.vcxproj", "{5D1C4CAE-FC56-4C6C-8092-32AF1592010C}"
EndProject
Project("{8BC9CEB8-8B4A-11D0-8D11-00A0C91BC942}") = "0703_HamburgerSim", "0703_HamburgerSim\0703_HamburgerSim.vcxproj", "{0BD2C652-1056-4A05-A20A-0202545F91B2}"
EndProject
Project("{8BC9CEB8-8B4A-11D0-8D11-00A0C91BC942}") = "0704_Deque", "0704_Deque\0704_Deque.vcxproj", "{28C5D4BA-922C-4316-A512-C2265674EC02}"
EndProject
Project("{2150E333-8FDC-42A3-9474-1A3956D46DE8}") = "Note", "Note", "{2994D047-A097-4D74-AAD2-C1C120245C4C}"
EndProject
Project("{8BC9CEB8-8B4A-11D0-8D11-00A0C91BC942}") = "Stack_01", "Stack_01\Stack_01.vcxproj", "{BC0E5116-999B-4575-8F28-431A2899AF0A}"
EndProject
Project("{8BC9CEB8-8B4A-11D0-8D11-00A0C91BC942}") = "Stack_List", "Stack_List\Stack_List.vcxproj", "{D4225578-D33F-401A-9F35-490493FAEE74}"
EndProject
Project("{8BC9CEB8-8B4A-11D0-8D11-00A0C91BC942}") = "Queue_Array", "Queue_Array\Queue_Array.vcxproj", "{DD50A940-14B1-4C40-A7C1-6474D81179CB}"
EndProject
Project("{8BC9CEB8-8B4A-11D0-8D11-00A0C91BC942}") = "Queue_LIST", "Queue_LIST\Queue_LIST.vcxproj", "{289DF232-B2F8-43FF-A56A-1E9A786530F8}"
EndProject
Project("{2150E333-8FDC-42A3-9474-1A3956D46DE8}") = "Chapter_10", "Chapter_10", "{ADB28722-F320-42AD-A5BF-16669A8A6AC4}"
EndProject
Project("{2150E333-8FDC-42A3-9474-1A3956D46DE8}") = "Example", "Example", "{97F06CB6-9DBA-43ED-8717-247B1CCD8E42}"
EndProject
Project("{8BC9CEB8-8B4A-11D0-8D11-00A0C91BC942}") = "1001_BubbleSort", "1001_BubbleSort\1001_BubbleSort.vcxproj", "{8F550C49-91DC-4D29-BEB9-E174E277FD75}"
EndProject
Project("{8BC9CEB8-8B4A-11D0-8D11-00A0C91BC942}") = "Selection_Sort", "Selection_Sort\Selection_Sort.vcxproj", "{4934F764-54C4-4A17-BF71-FD53DC9DEA95}"
EndProject
Project("{8BC9CEB8-8B4A-11D0-8D11-00A0C91BC942}") = "1002_SelectionSort", "1002_SelectionSort\1002_SelectionSort.vcxproj", "{5AA3F08A-86AA-4546-BA4A-7125EE7B27CE}"
EndProject
Project("{8BC9CEB8-8B4A-11D0-8D11-00A0C91BC942}") = "InsertionSort", "InsertionSort\InsertionSort.vcxproj", "{64C8BC4C-5B27-4B0A-BE8B-C09042040ABD}"
EndProject
Project("{8BC9CEB8-8B4A-11D0-8D11-00A0C91BC942}") = "1003_InsertionSort", "1003_InsertionSort\1003_InsertionSort.vcxproj", "{DC99AF08-049D-450D-9F27-B58976E32C65}"
EndProject
Project("{8BC9CEB8-8B4A-11D0-8D11-00A0C91BC942}") = "1005_MergeSort", "1005_MergeSort\1005_MergeSort.vcxproj", "{C77655C6-CC23-4F9F-8435-5D1D49EA99F4}"
EndProject
Project("{8BC9CEB8-8B4A-11D0-8D11-00A0C91BC942}") = "MergeSort", "MergeSort\MergeSort.vcxproj", "{77A18860-55CE-463E-9FD9-58DA01D7F18E}"
EndProject
Project("{8BC9CEB8-8B4A-11D0-8D11-00A0C91BC942}") = "1006_QuickSort", "1006_QuickSort\1006_QuickSort.vcxproj", "{75EFDE8D-16AD-4EDD-AE0F-DD17DACAB4B3}"
EndProject
Project("{8BC9CEB8-8B4A-11D0-8D11-00A0C91BC942}") = "Note_0", "Note_0\Note_0.vcxproj", "{E56E3C42-F069-4D00-989F-B72B919189E5}"
EndProject
Project("{8BC9CEB8-8B4A-11D0-8D11-00A0C91BC942}") = "BuildHeap", "BuildHeap\BuildHeap.vcxproj", "{E093D124-1BE3-477B-922D-3EEC96B99B00}"
EndProject
Project("{8BC9CEB8-8B4A-11D0-8D11-00A0C91BC942}") = "Note_01", "Note_01\Note_01.vcxproj", "{3606BD43-C7C1-4B66-B770-8D048DA3AA18}"
EndProject
Project("{8BC9CEB8-8B4A-11D0-8D11-00A0C91BC942}") = "Soooort", "Soooort\Soooort.vcxproj", "{5A0E2621-F967-4311-A6A1-84695663F9FA}"
EndProject
Project("{8BC9CEB8-8B4A-11D0-8D11-00A0C91BC942}") = "1007_RadixSort", "1007_RadixSort\1007_RadixSort.vcxproj", "{EF1DD155-B287-4D43-8BFD-21E7B389B898}"
EndProject
Project("{2150E333-8FDC-42A3-9474-1A3956D46DE8}") = "Question", "Question", "{F63D0993-D2FF-4967-B9C4-F41961CA29D7}"
EndProject
Project("{8BC9CEB8-8B4A-11D0-8D11-00A0C91BC942}") = "1001_Question", "1001_Question\1001_Question.vcxproj", "{0D53E6BC-05C9-447F-A704-7B7CB1DDC51C}"
EndProject
Project("{8BC9CEB8-8B4A-11D0-8D11-00A0C91BC942}") = "RadixSort", "RadixSort\RadixSort.vcxproj", "{21EE60E3-7CB1-409A-A6A5-AC2527582026}"
EndProject
Project("{2150E333-8FDC-42A3-9474-1A3956D46DE8}") = "Chapter_08", "Chapter_08", "{2A415D39-23D2-4E30-9AAD-C113330D55FF}"
EndProject
Project("{2150E333-8FDC-42A3-9474-1A3956D46DE8}") = "Example", "Example", "{A721E8A3-85A2-42D7-8D79-E49C09909826}"
EndProject
Project("{8BC9CEB8-8B4A-11D0-8D11-00A0C91BC942}") = "0801_BinaryTree", "0801_BinaryTree\0801_BinaryTree.vcxproj", "{B9F7A90C-2BD0-4456-AB7C-2FEC8DEF32A1}"
EndProject
Project("{8BC9CEB8-8B4A-11D0-8D11-00A0C91BC942}") = "0802_BinaryTreeTraverseMain", "0802_BinaryTreeTraverseMain\0802_BinaryTreeTraverseMain.vcxproj", "{2103265D-CBA1-43B3-AC0E-7C5FEA94AFF1}"
EndProject
Project("{8BC9CEB8-8B4A-11D0-8D11-00A0C91BC942}") = "0803_BinaryTree_02", "0803_BinaryTree_02\0803_BinaryTree_02.vcxproj", "{A9B92B05-2E40-417F-B5E5-F881DB721B0B}"
EndProject
Project("{2150E333-8FDC-42A3-9474-1A3956D46DE8}") = "Question", "Question", "{959F0899-E4E5-4B17-857F-EA5C6C71D3A2}"
EndProject
Project("{8BC9CEB8-8B4A-11D0-8D11-00A0C91BC942}") = "0801_Question", "0801_Question\0801_Question.vcxproj", "{6C4BAA54-FDCE-4FF1-8EAE-FB2321835590}"
EndProject
Project("{2150E333-8FDC-42A3-9474-1A3956D46DE8}") = "Chapter_14", "Chapter_14", "{28BA6D8D-85AD-4B6F-9B32-7538D296EFE8}"
EndProject
Project("{2150E333-8FDC-42A3-9474-1A3956D46DE8}") = "Example", "Example", "{374812D7-DD52-4EC4-AC02-C4F3EF53225F}"
EndProject
Project("{2150E333-8FDC-42A3-9474-1A3956D46DE8}") = "Chapter_09", "Chapter_09", "{1D6B27B6-8E87-49BB-B9F8-FD5B03D35E28}"
EndProject
Project("{2150E333-8FDC-42A3-9474-1A3956D46DE8}") = "Example", "Example", "{A63473A5-EA39-4D45-9B80-7F9176F8F52C}"
EndProject
Project("{8BC9CEB8-8B4A-11D0-8D11-00A0C91BC942}") = "0901_SimpleHeap", "0901_SimpleHeap\0901_SimpleHeap.vcxproj", "{825397C3-56D6-4787-9D7D-9D29C18D2E4D}"
EndProject
Project("{8BC9CEB8-8B4A-11D0-8D11-00A0C91BC942}") = "0902_UsefulHeap", "0902_UsefulHeap\0902_UsefulHeap.vcxproj", "{6C6DE328-4B64-4F43-9366-74356775525C}"
EndProject
Project("{2150E333-8FDC-42A3-9474-1A3956D46DE8}") = "Question", "Question", "{81A116F8-6198-4976-8680-EF42DA2F9FD1}"
EndProject
Project("{8BC9CEB8-8B4A-11D0-8D11-00A0C91BC942}") = "0901_Question", "0901_Question\0901_Question.vcxproj", "{229A49F3-2BA0-4204-A6E6-01B6E863A0D0}"
EndProject
Project("{8BC9CEB8-8B4A-11D0-8D11-00A0C91BC942}") = "0901_Question(CPP)", "0901_Question(CPP)\0901_Question(CPP).vcxproj", "{C78317E7-B97F-456B-877F-DE1A8AA2B8BC}"
EndProject
Project("{2150E333-8FDC-42A3-9474-1A3956D46DE8}") = "Chapter_11", "Chapter_11", "{C8092E66-E408-4DCC-B832-2C97BF65FDF7}"
EndProject
Project("{2150E333-8FDC-42A3-9474-1A3956D46DE8}") = "Example", "Example", "{A77AA5DA-3F75-4CFF-B1DD-712AB8B1DB30}"
EndProject
Project("{2150E333-8FDC-42A3-9474-1A3956D46DE8}") = "Question", "Question", "{9B3CE0F1-B6BD-4700-B985-C83BA0C83DE2}"
EndProject
Project("{8BC9CEB8-8B4A-11D0-8D11-00A0C91BC942}") = "RecursiveSearch", "RecursiveSearch\RecursiveSearch.vcxproj", "{FB496D22-1862-4B6C-8555-3A07874A8C75}"
EndProject
Project("{8BC9CEB8-8B4A-11D0-8D11-00A0C91BC942}") = "1101_InterpolSearch", "1101_InterpolSearch\1101_InterpolSearch.vcxproj", "{A428C31A-D376-4820-92DE-71FD6F87BB23}"
EndProject
Project("{8BC9CEB8-8B4A-11D0-8D11-00A0C91BC942}") = "1102_BinarySearchTree", "1102_BinarySearchTree\1102_BinarySearchTree.vcxproj", "{3275793D-156B-43A0-9264-345BBCB1D977}"
EndProject
Project("{8BC9CEB8-8B4A-11D0-8D11-00A0C91BC942}") = "1103_BinarySearchTree_2", "1103_BinarySearchTree_2\1103_BinarySearchTree_2.vcxproj", "{BCF012D2-0CCB-4E70-AEA7-0DADABEB06F1}"
EndProject
Project("{2150E333-8FDC-42A3-9474-1A3956D46DE8}") = "Chapter_12", "Chapter_12", "{4118B16E-CCDC-4E47-8FB1-CEFEA73293A2}"
EndProject
Project("{2150E333-8FDC-42A3-9474-1A3956D46DE8}") = "Example", "Example", "{165B8AC6-796D-4435-88D2-16F4DD89D042}"
EndProject
Project("{8BC9CEB8-8B4A-11D0-8D11-00A0C91BC942}") = "1201_AVLTree", "1201_AVLTree\1201_AVLTree.vcxproj", "{9C01A9D1-431F-4970-889D-00E1F7613950}"
EndProject
Project("{2150E333-8FDC-42A3-9474-1A3956D46DE8}") = "Chapter_04", "Chapter_04", "{7ACD2545-4064-4DEC-AF4A-BBDFDD42EDB7}"
EndProject
Project("{8BC9CEB8-8B4A-11D0-8D11-00A0C91BC942}") = "0401_ArrayRead", "0401_ArrayRead\0401_ArrayRead.vcxproj", "{99DA50D3-9059-400B-ABF5-BE4AFDBE87F1}"
EndProject
Project("{8BC9CEB8-8B4A-11D0-8D11-00A0C91BC942}") = "0403_DLinkedList", "0403_DLinkedList\0403_DLinkedList.vcxproj", "{4717403C-7C00-4AA8-A800-8DEFC4F56D89}"
EndProject
Project("{8BC9CEB8-8B4A-11D0-8D11-00A0C91BC942}") = "1401_ALGraph", "1401_ALGraph\1401_ALGraph.vcxproj", "{28B0515A-42C8-4227-842E-C3A466A4DB61}"
EndProject
Project("{8BC9CEB8-8B4A-11D0-8D11-00A0C91BC942}") = "1402_ALGraphDFS", "1402_ALGraphDFS\1402_ALGraphDFS.vcxproj", "{EBAD38FD-819B-4BCB-9445-2B7ADF22DFE2}"
EndProject
Project("{8BC9CEB8-8B4A-11D0-8D11-00A0C91BC942}") = "1403_ALGraphBFS", "1403_ALGraphBFS\1403_ALGraphBFS.vcxproj", "{466A42A5-75D1-4EE9-8018-FE7AF4975330}"
EndProject
Project("{8BC9CEB8-8B4A-11D0-8D11-00A0C91BC942}") = "1404_Kruskal", "1404_Kruskal\1404_Kruskal.vcxproj", "{969B9C0C-3DFA-462D-9545-42587F29B48B}"
EndProject
Project("{8BC9CEB8-8B4A-11D0-8D11-00A0C91BC942}") = "0903_PriorityQueue", "0903_PriorityQueue\0903_PriorityQueue.vcxproj", "{EE2B780F-2A39-43C5-8341-C475732101B9}"
EndProject
Global
	GlobalSection(SolutionConfigurationPlatforms) = preSolution
		Debug|x64 = Debug|x64
		Debug|x86 = Debug|x86
		Release|x64 = Release|x64
		Release|x86 = Release|x86
	EndGlobalSection
	GlobalSection(ProjectConfigurationPlatforms) = postSolution
		{D2426979-3FA3-471F-8B43-8D8667215044}.Debug|x64.ActiveCfg = Debug|x64
		{D2426979-3FA3-471F-8B43-8D8667215044}.Debug|x64.Build.0 = Debug|x64
		{D2426979-3FA3-471F-8B43-8D8667215044}.Debug|x86.ActiveCfg = Debug|Win32
		{D2426979-3FA3-471F-8B43-8D8667215044}.Debug|x86.Build.0 = Debug|Win32
		{D2426979-3FA3-471F-8B43-8D8667215044}.Release|x64.ActiveCfg = Release|x64
		{D2426979-3FA3-471F-8B43-8D8667215044}.Release|x64.Build.0 = Release|x64
		{D2426979-3FA3-471F-8B43-8D8667215044}.Release|x86.ActiveCfg = Release|Win32
		{D2426979-3FA3-471F-8B43-8D8667215044}.Release|x86.Build.0 = Release|Win32
		{E6ED5C1E-7BB0-4C60-AF97-A34F79D0EEEE}.Debug|x64.ActiveCfg = Debug|x64
		{E6ED5C1E-7BB0-4C60-AF97-A34F79D0EEEE}.Debug|x64.Build.0 = Debug|x64
		{E6ED5C1E-7BB0-4C60-AF97-A34F79D0EEEE}.Debug|x86.ActiveCfg = Debug|Win32
		{E6ED5C1E-7BB0-4C60-AF97-A34F79D0EEEE}.Debug|x86.Build.0 = Debug|Win32
		{E6ED5C1E-7BB0-4C60-AF97-A34F79D0EEEE}.Release|x64.ActiveCfg = Release|x64
		{E6ED5C1E-7BB0-4C60-AF97-A34F79D0EEEE}.Release|x64.Build.0 = Release|x64
		{E6ED5C1E-7BB0-4C60-AF97-A34F79D0EEEE}.Release|x86.ActiveCfg = Release|Win32
		{E6ED5C1E-7BB0-4C60-AF97-A34F79D0EEEE}.Release|x86.Build.0 = Release|Win32
		{3E1A4A5A-A6FA-441A-9824-B57FF5311A6C}.Debug|x64.ActiveCfg = Debug|x64
		{3E1A4A5A-A6FA-441A-9824-B57FF5311A6C}.Debug|x64.Build.0 = Debug|x64
		{3E1A4A5A-A6FA-441A-9824-B57FF5311A6C}.Debug|x86.ActiveCfg = Debug|Win32
		{3E1A4A5A-A6FA-441A-9824-B57FF5311A6C}.Debug|x86.Build.0 = Debug|Win32
		{3E1A4A5A-A6FA-441A-9824-B57FF5311A6C}.Release|x64.ActiveCfg = Release|x64
		{3E1A4A5A-A6FA-441A-9824-B57FF5311A6C}.Release|x64.Build.0 = Release|x64
		{3E1A4A5A-A6FA-441A-9824-B57FF5311A6C}.Release|x86.ActiveCfg = Release|Win32
		{3E1A4A5A-A6FA-441A-9824-B57FF5311A6C}.Release|x86.Build.0 = Release|Win32
		{08F02AC3-7F10-4690-89A5-BBF77975F7AD}.Debug|x64.ActiveCfg = Debug|x64
		{08F02AC3-7F10-4690-89A5-BBF77975F7AD}.Debug|x64.Build.0 = Debug|x64
		{08F02AC3-7F10-4690-89A5-BBF77975F7AD}.Debug|x86.ActiveCfg = Debug|Win32
		{08F02AC3-7F10-4690-89A5-BBF77975F7AD}.Debug|x86.Build.0 = Debug|Win32
		{08F02AC3-7F10-4690-89A5-BBF77975F7AD}.Release|x64.ActiveCfg = Release|x64
		{08F02AC3-7F10-4690-89A5-BBF77975F7AD}.Release|x64.Build.0 = Release|x64
		{08F02AC3-7F10-4690-89A5-BBF77975F7AD}.Release|x86.ActiveCfg = Release|Win32
		{08F02AC3-7F10-4690-89A5-BBF77975F7AD}.Release|x86.Build.0 = Release|Win32
		{00E9BE53-FF85-41CF-BA55-1CF6F4DFF544}.Debug|x64.ActiveCfg = Debug|x64
		{00E9BE53-FF85-41CF-BA55-1CF6F4DFF544}.Debug|x64.Build.0 = Debug|x64
		{00E9BE53-FF85-41CF-BA55-1CF6F4DFF544}.Debug|x86.ActiveCfg = Debug|Win32
		{00E9BE53-FF85-41CF-BA55-1CF6F4DFF544}.Debug|x86.Build.0 = Debug|Win32
		{00E9BE53-FF85-41CF-BA55-1CF6F4DFF544}.Release|x64.ActiveCfg = Release|x64
		{00E9BE53-FF85-41CF-BA55-1CF6F4DFF544}.Release|x64.Build.0 = Release|x64
		{00E9BE53-FF85-41CF-BA55-1CF6F4DFF544}.Release|x86.ActiveCfg = Release|Win32
		{00E9BE53-FF85-41CF-BA55-1CF6F4DFF544}.Release|x86.Build.0 = Release|Win32
		{C122218A-4542-4266-AA8D-771C35549D23}.Debug|x64.ActiveCfg = Debug|x64
		{C122218A-4542-4266-AA8D-771C35549D23}.Debug|x64.Build.0 = Debug|x64
		{C122218A-4542-4266-AA8D-771C35549D23}.Debug|x86.ActiveCfg = Debug|Win32
		{C122218A-4542-4266-AA8D-771C35549D23}.Debug|x86.Build.0 = Debug|Win32
		{C122218A-4542-4266-AA8D-771C35549D23}.Release|x64.ActiveCfg = Release|x64
		{C122218A-4542-4266-AA8D-771C35549D23}.Release|x64.Build.0 = Release|x64
		{C122218A-4542-4266-AA8D-771C35549D23}.Release|x86.ActiveCfg = Release|Win32
		{C122218A-4542-4266-AA8D-771C35549D23}.Release|x86.Build.0 = Release|Win32
		{AE2164EC-6082-4308-A319-18D4A977B0BF}.Debug|x64.ActiveCfg = Debug|x64
		{AE2164EC-6082-4308-A319-18D4A977B0BF}.Debug|x64.Build.0 = Debug|x64
		{AE2164EC-6082-4308-A319-18D4A977B0BF}.Debug|x86.ActiveCfg = Debug|Win32
		{AE2164EC-6082-4308-A319-18D4A977B0BF}.Debug|x86.Build.0 = Debug|Win32
		{AE2164EC-6082-4308-A319-18D4A977B0BF}.Release|x64.ActiveCfg = Release|x64
		{AE2164EC-6082-4308-A319-18D4A977B0BF}.Release|x64.Build.0 = Release|x64
		{AE2164EC-6082-4308-A319-18D4A977B0BF}.Release|x86.ActiveCfg = Release|Win32
		{AE2164EC-6082-4308-A319-18D4A977B0BF}.Release|x86.Build.0 = Release|Win32
		{5D1C4CAE-FC56-4C6C-8092-32AF1592010C}.Debug|x64.ActiveCfg = Debug|x64
		{5D1C4CAE-FC56-4C6C-8092-32AF1592010C}.Debug|x64.Build.0 = Debug|x64
		{5D1C4CAE-FC56-4C6C-8092-32AF1592010C}.Debug|x86.ActiveCfg = Debug|Win32
		{5D1C4CAE-FC56-4C6C-8092-32AF1592010C}.Debug|x86.Build.0 = Debug|Win32
		{5D1C4CAE-FC56-4C6C-8092-32AF1592010C}.Release|x64.ActiveCfg = Release|x64
		{5D1C4CAE-FC56-4C6C-8092-32AF1592010C}.Release|x64.Build.0 = Release|x64
		{5D1C4CAE-FC56-4C6C-8092-32AF1592010C}.Release|x86.ActiveCfg = Release|Win32
		{5D1C4CAE-FC56-4C6C-8092-32AF1592010C}.Release|x86.Build.0 = Release|Win32
		{0BD2C652-1056-4A05-A20A-0202545F91B2}.Debug|x64.ActiveCfg = Debug|x64
		{0BD2C652-1056-4A05-A20A-0202545F91B2}.Debug|x64.Build.0 = Debug|x64
		{0BD2C652-1056-4A05-A20A-0202545F91B2}.Debug|x86.ActiveCfg = Debug|Win32
		{0BD2C652-1056-4A05-A20A-0202545F91B2}.Debug|x86.Build.0 = Debug|Win32
		{0BD2C652-1056-4A05-A20A-0202545F91B2}.Release|x64.ActiveCfg = Release|x64
		{0BD2C652-1056-4A05-A20A-0202545F91B2}.Release|x64.Build.0 = Release|x64
		{0BD2C652-1056-4A05-A20A-0202545F91B2}.Release|x86.ActiveCfg = Release|Win32
		{0BD2C652-1056-4A05-A20A-0202545F91B2}.Release|x86.Build.0 = Release|Win32
		{28C5D4BA-922C-4316-A512-C2265674EC02}.Debug|x64.ActiveCfg = Debug|x64
		{28C5D4BA-922C-4316-A512-C2265674EC02}.Debug|x64.Build.0 = Debug|x64
		{28C5D4BA-922C-4316-A512-C2265674EC02}.Debug|x86.ActiveCfg = Debug|Win32
		{28C5D4BA-922C-4316-A512-C2265674EC02}.Debug|x86.Build.0 = Debug|Win32
		{28C5D4BA-922C-4316-A512-C2265674EC02}.Release|x64.ActiveCfg = Release|x64
		{28C5D4BA-922C-4316-A512-C2265674EC02}.Release|x64.Build.0 = Release|x64
		{28C5D4BA-922C-4316-A512-C2265674EC02}.Release|x86.ActiveCfg = Release|Win32
		{28C5D4BA-922C-4316-A512-C2265674EC02}.Release|x86.Build.0 = Release|Win32
		{BC0E5116-999B-4575-8F28-431A2899AF0A}.Debug|x64.ActiveCfg = Debug|x64
		{BC0E5116-999B-4575-8F28-431A2899AF0A}.Debug|x64.Build.0 = Debug|x64
		{BC0E5116-999B-4575-8F28-431A2899AF0A}.Debug|x86.ActiveCfg = Debug|Win32
		{BC0E5116-999B-4575-8F28-431A2899AF0A}.Debug|x86.Build.0 = Debug|Win32
		{BC0E5116-999B-4575-8F28-431A2899AF0A}.Release|x64.ActiveCfg = Release|x64
		{BC0E5116-999B-4575-8F28-431A2899AF0A}.Release|x64.Build.0 = Release|x64
		{BC0E5116-999B-4575-8F28-431A2899AF0A}.Release|x86.ActiveCfg = Release|Win32
		{BC0E5116-999B-4575-8F28-431A2899AF0A}.Release|x86.Build.0 = Release|Win32
		{D4225578-D33F-401A-9F35-490493FAEE74}.Debug|x64.ActiveCfg = Debug|x64
		{D4225578-D33F-401A-9F35-490493FAEE74}.Debug|x64.Build.0 = Debug|x64
		{D4225578-D33F-401A-9F35-490493FAEE74}.Debug|x86.ActiveCfg = Debug|Win32
		{D4225578-D33F-401A-9F35-490493FAEE74}.Debug|x86.Build.0 = Debug|Win32
		{D4225578-D33F-401A-9F35-490493FAEE74}.Release|x64.ActiveCfg = Release|x64
		{D4225578-D33F-401A-9F35-490493FAEE74}.Release|x64.Build.0 = Release|x64
		{D4225578-D33F-401A-9F35-490493FAEE74}.Release|x86.ActiveCfg = Release|Win32
		{D4225578-D33F-401A-9F35-490493FAEE74}.Release|x86.Build.0 = Release|Win32
		{DD50A940-14B1-4C40-A7C1-6474D81179CB}.Debug|x64.ActiveCfg = Debug|x64
		{DD50A940-14B1-4C40-A7C1-6474D81179CB}.Debug|x64.Build.0 = Debug|x64
		{DD50A940-14B1-4C40-A7C1-6474D81179CB}.Debug|x86.ActiveCfg = Debug|Win32
		{DD50A940-14B1-4C40-A7C1-6474D81179CB}.Debug|x86.Build.0 = Debug|Win32
		{DD50A940-14B1-4C40-A7C1-6474D81179CB}.Release|x64.ActiveCfg = Release|x64
		{DD50A940-14B1-4C40-A7C1-6474D81179CB}.Release|x64.Build.0 = Release|x64
		{DD50A940-14B1-4C40-A7C1-6474D81179CB}.Release|x86.ActiveCfg = Release|Win32
		{DD50A940-14B1-4C40-A7C1-6474D81179CB}.Release|x86.Build.0 = Release|Win32
		{289DF232-B2F8-43FF-A56A-1E9A786530F8}.Debug|x64.ActiveCfg = Debug|x64
		{289DF232-B2F8-43FF-A56A-1E9A786530F8}.Debug|x64.Build.0 = Debug|x64
		{289DF232-B2F8-43FF-A56A-1E9A786530F8}.Debug|x86.ActiveCfg = Debug|Win32
		{289DF232-B2F8-43FF-A56A-1E9A786530F8}.Debug|x86.Build.0 = Debug|Win32
		{289DF232-B2F8-43FF-A56A-1E9A786530F8}.Release|x64.ActiveCfg = Release|x64
		{289DF232-B2F8-43FF-A56A-1E9A786530F8}.Release|x64.Build.0 = Release|x64
		{289DF232-B2F8-43FF-A56A-1E9A786530F8}.Release|x86.ActiveCfg = Release|Win32
		{289DF232-B2F8-43FF-A56A-1E9A786530F8}.Release|x86.Build.0 = Release|Win32
		{8F550C49-91DC-4D29-BEB9-E174E277FD75}.Debug|x64.ActiveCfg = Debug|x64
		{8F550C49-91DC-4D29-BEB9-E174E277FD75}.Debug|x64.Build.0 = Debug|x64
		{8F550C49-91DC-4D29-BEB9-E174E277FD75}.Debug|x86.ActiveCfg = Debug|Win32
		{8F550C49-91DC-4D29-BEB9-E174E277FD75}.Debug|x86.Build.0 = Debug|Win32
		{8F550C49-91DC-4D29-BEB9-E174E277FD75}.Release|x64.ActiveCfg = Release|x64
		{8F550C49-91DC-4D29-BEB9-E174E277FD75}.Release|x64.Build.0 = Release|x64
		{8F550C49-91DC-4D29-BEB9-E174E277FD75}.Release|x86.ActiveCfg = Release|Win32
		{8F550C49-91DC-4D29-BEB9-E174E277FD75}.Release|x86.Build.0 = Release|Win32
		{4934F764-54C4-4A17-BF71-FD53DC9DEA95}.Debug|x64.ActiveCfg = Debug|x64
		{4934F764-54C4-4A17-BF71-FD53DC9DEA95}.Debug|x64.Build.0 = Debug|x64
		{4934F764-54C4-4A17-BF71-FD53DC9DEA95}.Debug|x86.ActiveCfg = Debug|Win32
		{4934F764-54C4-4A17-BF71-FD53DC9DEA95}.Debug|x86.Build.0 = Debug|Win32
		{4934F764-54C4-4A17-BF71-FD53DC9DEA95}.Release|x64.ActiveCfg = Release|x64
		{4934F764-54C4-4A17-BF71-FD53DC9DEA95}.Release|x64.Build.0 = Release|x64
		{4934F764-54C4-4A17-BF71-FD53DC9DEA95}.Release|x86.ActiveCfg = Release|Win32
		{4934F764-54C4-4A17-BF71-FD53DC9DEA95}.Release|x86.Build.0 = Release|Win32
		{5AA3F08A-86AA-4546-BA4A-7125EE7B27CE}.Debug|x64.ActiveCfg = Debug|x64
		{5AA3F08A-86AA-4546-BA4A-7125EE7B27CE}.Debug|x64.Build.0 = Debug|x64
		{5AA3F08A-86AA-4546-BA4A-7125EE7B27CE}.Debug|x86.ActiveCfg = Debug|Win32
		{5AA3F08A-86AA-4546-BA4A-7125EE7B27CE}.Debug|x86.Build.0 = Debug|Win32
		{5AA3F08A-86AA-4546-BA4A-7125EE7B27CE}.Release|x64.ActiveCfg = Release|x64
		{5AA3F08A-86AA-4546-BA4A-7125EE7B27CE}.Release|x64.Build.0 = Release|x64
		{5AA3F08A-86AA-4546-BA4A-7125EE7B27CE}.Release|x86.ActiveCfg = Release|Win32
		{5AA3F08A-86AA-4546-BA4A-7125EE7B27CE}.Release|x86.Build.0 = Release|Win32
		{64C8BC4C-5B27-4B0A-BE8B-C09042040ABD}.Debug|x64.ActiveCfg = Debug|x64
		{64C8BC4C-5B27-4B0A-BE8B-C09042040ABD}.Debug|x64.Build.0 = Debug|x64
		{64C8BC4C-5B27-4B0A-BE8B-C09042040ABD}.Debug|x86.ActiveCfg = Debug|Win32
		{64C8BC4C-5B27-4B0A-BE8B-C09042040ABD}.Debug|x86.Build.0 = Debug|Win32
		{64C8BC4C-5B27-4B0A-BE8B-C09042040ABD}.Release|x64.ActiveCfg = Release|x64
		{64C8BC4C-5B27-4B0A-BE8B-C09042040ABD}.Release|x64.Build.0 = Release|x64
		{64C8BC4C-5B27-4B0A-BE8B-C09042040ABD}.Release|x86.ActiveCfg = Release|Win32
		{64C8BC4C-5B27-4B0A-BE8B-C09042040ABD}.Release|x86.Build.0 = Release|Win32
		{DC99AF08-049D-450D-9F27-B58976E32C65}.Debug|x64.ActiveCfg = Debug|x64
		{DC99AF08-049D-450D-9F27-B58976E32C65}.Debug|x64.Build.0 = Debug|x64
		{DC99AF08-049D-450D-9F27-B58976E32C65}.Debug|x86.ActiveCfg = Debug|Win32
		{DC99AF08-049D-450D-9F27-B58976E32C65}.Debug|x86.Build.0 = Debug|Win32
		{DC99AF08-049D-450D-9F27-B58976E32C65}.Release|x64.ActiveCfg = Release|x64
		{DC99AF08-049D-450D-9F27-B58976E32C65}.Release|x64.Build.0 = Release|x64
		{DC99AF08-049D-450D-9F27-B58976E32C65}.Release|x86.ActiveCfg = Release|Win32
		{DC99AF08-049D-450D-9F27-B58976E32C65}.Release|x86.Build.0 = Release|Win32
		{C77655C6-CC23-4F9F-8435-5D1D49EA99F4}.Debug|x64.ActiveCfg = Debug|x64
		{C77655C6-CC23-4F9F-8435-5D1D49EA99F4}.Debug|x64.Build.0 = Debug|x64
		{C77655C6-CC23-4F9F-8435-5D1D49EA99F4}.Debug|x86.ActiveCfg = Debug|Win32
		{C77655C6-CC23-4F9F-8435-5D1D49EA99F4}.Debug|x86.Build.0 = Debug|Win32
		{C77655C6-CC23-4F9F-8435-5D1D49EA99F4}.Release|x64.ActiveCfg = Release|x64
		{C77655C6-CC23-4F9F-8435-5D1D49EA99F4}.Release|x64.Build.0 = Release|x64
		{C77655C6-CC23-4F9F-8435-5D1D49EA99F4}.Release|x86.ActiveCfg = Release|Win32
		{C77655C6-CC23-4F9F-8435-5D1D49EA99F4}.Release|x86.Build.0 = Release|Win32
		{77A18860-55CE-463E-9FD9-58DA01D7F18E}.Debug|x64.ActiveCfg = Debug|x64
		{77A18860-55CE-463E-9FD9-58DA01D7F18E}.Debug|x64.Build.0 = Debug|x64
		{77A18860-55CE-463E-9FD9-58DA01D7F18E}.Debug|x86.ActiveCfg = Debug|Win32
		{77A18860-55CE-463E-9FD9-58DA01D7F18E}.Debug|x86.Build.0 = Debug|Win32
		{77A18860-55CE-463E-9FD9-58DA01D7F18E}.Release|x64.ActiveCfg = Release|x64
		{77A18860-55CE-463E-9FD9-58DA01D7F18E}.Release|x64.Build.0 = Release|x64
		{77A18860-55CE-463E-9FD9-58DA01D7F18E}.Release|x86.ActiveCfg = Release|Win32
		{77A18860-55CE-463E-9FD9-58DA01D7F18E}.Release|x86.Build.0 = Release|Win32
		{75EFDE8D-16AD-4EDD-AE0F-DD17DACAB4B3}.Debug|x64.ActiveCfg = Debug|x64
		{75EFDE8D-16AD-4EDD-AE0F-DD17DACAB4B3}.Debug|x64.Build.0 = Debug|x64
		{75EFDE8D-16AD-4EDD-AE0F-DD17DACAB4B3}.Debug|x86.ActiveCfg = Debug|Win32
		{75EFDE8D-16AD-4EDD-AE0F-DD17DACAB4B3}.Debug|x86.Build.0 = Debug|Win32
		{75EFDE8D-16AD-4EDD-AE0F-DD17DACAB4B3}.Release|x64.ActiveCfg = Release|x64
		{75EFDE8D-16AD-4EDD-AE0F-DD17DACAB4B3}.Release|x64.Build.0 = Release|x64
		{75EFDE8D-16AD-4EDD-AE0F-DD17DACAB4B3}.Release|x86.ActiveCfg = Release|Win32
		{75EFDE8D-16AD-4EDD-AE0F-DD17DACAB4B3}.Release|x86.Build.0 = Release|Win32
		{E56E3C42-F069-4D00-989F-B72B919189E5}.Debug|x64.ActiveCfg = Debug|x64
		{E56E3C42-F069-4D00-989F-B72B919189E5}.Debug|x64.Build.0 = Debug|x64
		{E56E3C42-F069-4D00-989F-B72B919189E5}.Debug|x86.ActiveCfg = Debug|Win32
		{E56E3C42-F069-4D00-989F-B72B919189E5}.Debug|x86.Build.0 = Debug|Win32
		{E56E3C42-F069-4D00-989F-B72B919189E5}.Release|x64.ActiveCfg = Release|x64
		{E56E3C42-F069-4D00-989F-B72B919189E5}.Release|x64.Build.0 = Release|x64
		{E56E3C42-F069-4D00-989F-B72B919189E5}.Release|x86.ActiveCfg = Release|Win32
		{E56E3C42-F069-4D00-989F-B72B919189E5}.Release|x86.Build.0 = Release|Win32
		{E093D124-1BE3-477B-922D-3EEC96B99B00}.Debug|x64.ActiveCfg = Debug|x64
		{E093D124-1BE3-477B-922D-3EEC96B99B00}.Debug|x64.Build.0 = Debug|x64
		{E093D124-1BE3-477B-922D-3EEC96B99B00}.Debug|x86.ActiveCfg = Debug|Win32
		{E093D124-1BE3-477B-922D-3EEC96B99B00}.Debug|x86.Build.0 = Debug|Win32
		{E093D124-1BE3-477B-922D-3EEC96B99B00}.Release|x64.ActiveCfg = Release|x64
		{E093D124-1BE3-477B-922D-3EEC96B99B00}.Release|x64.Build.0 = Release|x64
		{E093D124-1BE3-477B-922D-3EEC96B99B00}.Release|x86.ActiveCfg = Release|Win32
		{E093D124-1BE3-477B-922D-3EEC96B99B00}.Release|x86.Build.0 = Release|Win32
		{3606BD43-C7C1-4B66-B770-8D048DA3AA18}.Debug|x64.ActiveCfg = Debug|x64
		{3606BD43-C7C1-4B66-B770-8D048DA3AA18}.Debug|x64.Build.0 = Debug|x64
		{3606BD43-C7C1-4B66-B770-8D048DA3AA18}.Debug|x86.ActiveCfg = Debug|Win32
		{3606BD43-C7C1-4B66-B770-8D048DA3AA18}.Debug|x86.Build.0 = Debug|Win32
		{3606BD43-C7C1-4B66-B770-8D048DA3AA18}.Release|x64.ActiveCfg = Release|x64
		{3606BD43-C7C1-4B66-B770-8D048DA3AA18}.Release|x64.Build.0 = Release|x64
		{3606BD43-C7C1-4B66-B770-8D048DA3AA18}.Release|x86.ActiveCfg = Release|Win32
		{3606BD43-C7C1-4B66-B770-8D048DA3AA18}.Release|x86.Build.0 = Release|Win32
		{5A0E2621-F967-4311-A6A1-84695663F9FA}.Debug|x64.ActiveCfg = Debug|x64
		{5A0E2621-F967-4311-A6A1-84695663F9FA}.Debug|x64.Build.0 = Debug|x64
		{5A0E2621-F967-4311-A6A1-84695663F9FA}.Debug|x86.ActiveCfg = Debug|Win32
		{5A0E2621-F967-4311-A6A1-84695663F9FA}.Debug|x86.Build.0 = Debug|Win32
		{5A0E2621-F967-4311-A6A1-84695663F9FA}.Release|x64.ActiveCfg = Release|x64
		{5A0E2621-F967-4311-A6A1-84695663F9FA}.Release|x64.Build.0 = Release|x64
		{5A0E2621-F967-4311-A6A1-84695663F9FA}.Release|x86.ActiveCfg = Release|Win32
		{5A0E2621-F967-4311-A6A1-84695663F9FA}.Release|x86.Build.0 = Release|Win32
		{EF1DD155-B287-4D43-8BFD-21E7B389B898}.Debug|x64.ActiveCfg = Debug|x64
		{EF1DD155-B287-4D43-8BFD-21E7B389B898}.Debug|x64.Build.0 = Debug|x64
		{EF1DD155-B287-4D43-8BFD-21E7B389B898}.Debug|x86.ActiveCfg = Debug|Win32
		{EF1DD155-B287-4D43-8BFD-21E7B389B898}.Debug|x86.Build.0 = Debug|Win32
		{EF1DD155-B287-4D43-8BFD-21E7B389B898}.Release|x64.ActiveCfg = Release|x64
		{EF1DD155-B287-4D43-8BFD-21E7B389B898}.Release|x64.Build.0 = Release|x64
		{EF1DD155-B287-4D43-8BFD-21E7B389B898}.Release|x86.ActiveCfg = Release|Win32
		{EF1DD155-B287-4D43-8BFD-21E7B389B898}.Release|x86.Build.0 = Release|Win32
		{0D53E6BC-05C9-447F-A704-7B7CB1DDC51C}.Debug|x64.ActiveCfg = Debug|x64
		{0D53E6BC-05C9-447F-A704-7B7CB1DDC51C}.Debug|x64.Build.0 = Debug|x64
		{0D53E6BC-05C9-447F-A704-7B7CB1DDC51C}.Debug|x86.ActiveCfg = Debug|Win32
		{0D53E6BC-05C9-447F-A704-7B7CB1DDC51C}.Debug|x86.Build.0 = Debug|Win32
		{0D53E6BC-05C9-447F-A704-7B7CB1DDC51C}.Release|x64.ActiveCfg = Release|x64
		{0D53E6BC-05C9-447F-A704-7B7CB1DDC51C}.Release|x64.Build.0 = Release|x64
		{0D53E6BC-05C9-447F-A704-7B7CB1DDC51C}.Release|x86.ActiveCfg = Release|Win32
		{0D53E6BC-05C9-447F-A704-7B7CB1DDC51C}.Release|x86.Build.0 = Release|Win32
		{21EE60E3-7CB1-409A-A6A5-AC2527582026}.Debug|x64.ActiveCfg = Debug|x64
		{21EE60E3-7CB1-409A-A6A5-AC2527582026}.Debug|x64.Build.0 = Debug|x64
		{21EE60E3-7CB1-409A-A6A5-AC2527582026}.Debug|x86.ActiveCfg = Debug|Win32
		{21EE60E3-7CB1-409A-A6A5-AC2527582026}.Debug|x86.Build.0 = Debug|Win32
		{21EE60E3-7CB1-409A-A6A5-AC2527582026}.Release|x64.ActiveCfg = Release|x64
		{21EE60E3-7CB1-409A-A6A5-AC2527582026}.Release|x64.Build.0 = Release|x64
		{21EE60E3-7CB1-409A-A6A5-AC2527582026}.Release|x86.ActiveCfg = Release|Win32
		{21EE60E3-7CB1-409A-A6A5-AC2527582026}.Release|x86.Build.0 = Release|Win32
		{B9F7A90C-2BD0-4456-AB7C-2FEC8DEF32A1}.Debug|x64.ActiveCfg = Debug|x64
		{B9F7A90C-2BD0-4456-AB7C-2FEC8DEF32A1}.Debug|x64.Build.0 = Debug|x64
		{B9F7A90C-2BD0-4456-AB7C-2FEC8DEF32A1}.Debug|x86.ActiveCfg = Debug|Win32
		{B9F7A90C-2BD0-4456-AB7C-2FEC8DEF32A1}.Debug|x86.Build.0 = Debug|Win32
		{B9F7A90C-2BD0-4456-AB7C-2FEC8DEF32A1}.Release|x64.ActiveCfg = Release|x64
		{B9F7A90C-2BD0-4456-AB7C-2FEC8DEF32A1}.Release|x64.Build.0 = Release|x64
		{B9F7A90C-2BD0-4456-AB7C-2FEC8DEF32A1}.Release|x86.ActiveCfg = Release|Win32
		{B9F7A90C-2BD0-4456-AB7C-2FEC8DEF32A1}.Release|x86.Build.0 = Release|Win32
		{2103265D-CBA1-43B3-AC0E-7C5FEA94AFF1}.Debug|x64.ActiveCfg = Debug|x64
		{2103265D-CBA1-43B3-AC0E-7C5FEA94AFF1}.Debug|x64.Build.0 = Debug|x64
		{2103265D-CBA1-43B3-AC0E-7C5FEA94AFF1}.Debug|x86.ActiveCfg = Debug|Win32
		{2103265D-CBA1-43B3-AC0E-7C5FEA94AFF1}.Debug|x86.Build.0 = Debug|Win32
		{2103265D-CBA1-43B3-AC0E-7C5FEA94AFF1}.Release|x64.ActiveCfg = Release|x64
		{2103265D-CBA1-43B3-AC0E-7C5FEA94AFF1}.Release|x64.Build.0 = Release|x64
		{2103265D-CBA1-43B3-AC0E-7C5FEA94AFF1}.Release|x86.ActiveCfg = Release|Win32
		{2103265D-CBA1-43B3-AC0E-7C5FEA94AFF1}.Release|x86.Build.0 = Release|Win32
		{A9B92B05-2E40-417F-B5E5-F881DB721B0B}.Debug|x64.ActiveCfg = Debug|x64
		{A9B92B05-2E40-417F-B5E5-F881DB721B0B}.Debug|x64.Build.0 = Debug|x64
		{A9B92B05-2E40-417F-B5E5-F881DB721B0B}.Debug|x86.ActiveCfg = Debug|Win32
		{A9B92B05-2E40-417F-B5E5-F881DB721B0B}.Debug|x86.Build.0 = Debug|Win32
		{A9B92B05-2E40-417F-B5E5-F881DB721B0B}.Release|x64.ActiveCfg = Release|x64
		{A9B92B05-2E40-417F-B5E5-F881DB721B0B}.Release|x64.Build.0 = Release|x64
		{A9B92B05-2E40-417F-B5E5-F881DB721B0B}.Release|x86.ActiveCfg = Release|Win32
		{A9B92B05-2E40-417F-B5E5-F881DB721B0B}.Release|x86.Build.0 = Release|Win32
		{6C4BAA54-FDCE-4FF1-8EAE-FB2321835590}.Debug|x64.ActiveCfg = Debug|x64
		{6C4BAA54-FDCE-4FF1-8EAE-FB2321835590}.Debug|x64.Build.0 = Debug|x64
		{6C4BAA54-FDCE-4FF1-8EAE-FB2321835590}.Debug|x86.ActiveCfg = Debug|Win32
		{6C4BAA54-FDCE-4FF1-8EAE-FB2321835590}.Debug|x86.Build.0 = Debug|Win32
		{6C4BAA54-FDCE-4FF1-8EAE-FB2321835590}.Release|x64.ActiveCfg = Release|x64
		{6C4BAA54-FDCE-4FF1-8EAE-FB2321835590}.Release|x64.Build.0 = Release|x64
		{6C4BAA54-FDCE-4FF1-8EAE-FB2321835590}.Release|x86.ActiveCfg = Release|Win32
		{6C4BAA54-FDCE-4FF1-8EAE-FB2321835590}.Release|x86.Build.0 = Release|Win32
		{825397C3-56D6-4787-9D7D-9D29C18D2E4D}.Debug|x64.ActiveCfg = Debug|x64
		{825397C3-56D6-4787-9D7D-9D29C18D2E4D}.Debug|x64.Build.0 = Debug|x64
		{825397C3-56D6-4787-9D7D-9D29C18D2E4D}.Debug|x86.ActiveCfg = Debug|Win32
		{825397C3-56D6-4787-9D7D-9D29C18D2E4D}.Debug|x86.Build.0 = Debug|Win32
		{825397C3-56D6-4787-9D7D-9D29C18D2E4D}.Release|x64.ActiveCfg = Release|x64
		{825397C3-56D6-4787-9D7D-9D29C18D2E4D}.Release|x64.Build.0 = Release|x64
		{825397C3-56D6-4787-9D7D-9D29C18D2E4D}.Release|x86.ActiveCfg = Release|Win32
		{825397C3-56D6-4787-9D7D-9D29C18D2E4D}.Release|x86.Build.0 = Release|Win32
		{6C6DE328-4B64-4F43-9366-74356775525C}.Debug|x64.ActiveCfg = Debug|x64
		{6C6DE328-4B64-4F43-9366-74356775525C}.Debug|x64.Build.0 = Debug|x64
		{6C6DE328-4B64-4F43-9366-74356775525C}.Debug|x86.ActiveCfg = Debug|Win32
		{6C6DE328-4B64-4F43-9366-74356775525C}.Debug|x86.Build.0 = Debug|Win32
		{6C6DE328-4B64-4F43-9366-74356775525C}.Release|x64.ActiveCfg = Release|x64
		{6C6DE328-4B64-4F43-9366-74356775525C}.Release|x64.Build.0 = Release|x64
		{6C6DE328-4B64-4F43-9366-74356775525C}.Release|x86.ActiveCfg = Release|Win32
		{6C6DE328-4B64-4F43-9366-74356775525C}.Release|x86.Build.0 = Release|Win32
		{229A49F3-2BA0-4204-A6E6-01B6E863A0D0}.Debug|x64.ActiveCfg = Debug|x64
		{229A49F3-2BA0-4204-A6E6-01B6E863A0D0}.Debug|x64.Build.0 = Debug|x64
		{229A49F3-2BA0-4204-A6E6-01B6E863A0D0}.Debug|x86.ActiveCfg = Debug|Win32
		{229A49F3-2BA0-4204-A6E6-01B6E863A0D0}.Debug|x86.Build.0 = Debug|Win32
		{229A49F3-2BA0-4204-A6E6-01B6E863A0D0}.Release|x64.ActiveCfg = Release|x64
		{229A49F3-2BA0-4204-A6E6-01B6E863A0D0}.Release|x64.Build.0 = Release|x64
		{229A49F3-2BA0-4204-A6E6-01B6E863A0D0}.Release|x86.ActiveCfg = Release|Win32
		{229A49F3-2BA0-4204-A6E6-01B6E863A0D0}.Release|x86.Build.0 = Release|Win32
		{C78317E7-B97F-456B-877F-DE1A8AA2B8BC}.Debug|x64.ActiveCfg = Debug|x64
		{C78317E7-B97F-456B-877F-DE1A8AA2B8BC}.Debug|x64.Build.0 = Debug|x64
		{C78317E7-B97F-456B-877F-DE1A8AA2B8BC}.Debug|x86.ActiveCfg = Debug|Win32
		{C78317E7-B97F-456B-877F-DE1A8AA2B8BC}.Debug|x86.Build.0 = Debug|Win32
		{C78317E7-B97F-456B-877F-DE1A8AA2B8BC}.Release|x64.ActiveCfg = Release|x64
		{C78317E7-B97F-456B-877F-DE1A8AA2B8BC}.Release|x64.Build.0 = Release|x64
		{C78317E7-B97F-456B-877F-DE1A8AA2B8BC}.Release|x86.ActiveCfg = Release|Win32
		{C78317E7-B97F-456B-877F-DE1A8AA2B8BC}.Release|x86.Build.0 = Release|Win32
		{FB496D22-1862-4B6C-8555-3A07874A8C75}.Debug|x64.ActiveCfg = Debug|x64
		{FB496D22-1862-4B6C-8555-3A07874A8C75}.Debug|x64.Build.0 = Debug|x64
		{FB496D22-1862-4B6C-8555-3A07874A8C75}.Debug|x86.ActiveCfg = Debug|Win32
		{FB496D22-1862-4B6C-8555-3A07874A8C75}.Debug|x86.Build.0 = Debug|Win32
		{FB496D22-1862-4B6C-8555-3A07874A8C75}.Release|x64.ActiveCfg = Release|x64
		{FB496D22-1862-4B6C-8555-3A07874A8C75}.Release|x64.Build.0 = Release|x64
		{FB496D22-1862-4B6C-8555-3A07874A8C75}.Release|x86.ActiveCfg = Release|Win32
		{FB496D22-1862-4B6C-8555-3A07874A8C75}.Release|x86.Build.0 = Release|Win32
		{A428C31A-D376-4820-92DE-71FD6F87BB23}.Debug|x64.ActiveCfg = Debug|x64
		{A428C31A-D376-4820-92DE-71FD6F87BB23}.Debug|x64.Build.0 = Debug|x64
		{A428C31A-D376-4820-92DE-71FD6F87BB23}.Debug|x86.ActiveCfg = Debug|Win32
		{A428C31A-D376-4820-92DE-71FD6F87BB23}.Debug|x86.Build.0 = Debug|Win32
		{A428C31A-D376-4820-92DE-71FD6F87BB23}.Release|x64.ActiveCfg = Release|x64
		{A428C31A-D376-4820-92DE-71FD6F87BB23}.Release|x64.Build.0 = Release|x64
		{A428C31A-D376-4820-92DE-71FD6F87BB23}.Release|x86.ActiveCfg = Release|Win32
		{A428C31A-D376-4820-92DE-71FD6F87BB23}.Release|x86.Build.0 = Release|Win32
		{3275793D-156B-43A0-9264-345BBCB1D977}.Debug|x64.ActiveCfg = Debug|x64
		{3275793D-156B-43A0-9264-345BBCB1D977}.Debug|x64.Build.0 = Debug|x64
		{3275793D-156B-43A0-9264-345BBCB1D977}.Debug|x86.ActiveCfg = Debug|Win32
		{3275793D-156B-43A0-9264-345BBCB1D977}.Debug|x86.Build.0 = Debug|Win32
		{3275793D-156B-43A0-9264-345BBCB1D977}.Release|x64.ActiveCfg = Release|x64
		{3275793D-156B-43A0-9264-345BBCB1D977}.Release|x64.Build.0 = Release|x64
		{3275793D-156B-43A0-9264-345BBCB1D977}.Release|x86.ActiveCfg = Release|Win32
		{3275793D-156B-43A0-9264-345BBCB1D977}.Release|x86.Build.0 = Release|Win32
		{BCF012D2-0CCB-4E70-AEA7-0DADABEB06F1}.Debug|x64.ActiveCfg = Debug|x64
		{BCF012D2-0CCB-4E70-AEA7-0DADABEB06F1}.Debug|x64.Build.0 = Debug|x64
		{BCF012D2-0CCB-4E70-AEA7-0DADABEB06F1}.Debug|x86.ActiveCfg = Debug|Win32
		{BCF012D2-0CCB-4E70-AEA7-0DADABEB06F1}.Debug|x86.Build.0 = Debug|Win32
		{BCF012D2-0CCB-4E70-AEA7-0DADABEB06F1}.Release|x64.ActiveCfg = Release|x64
		{BCF012D2-0CCB-4E70-AEA7-0DADABEB06F1}.Release|x64.Build.0 = Release|x64
		{BCF012D2-0CCB-4E70-AEA7-0DADABEB06F1}.Release|x86.ActiveCfg = Release|Win32
		{BCF012D2-0CCB-4E70-AEA7-0DADABEB06F1}.Release|x86.Build.0 = Release|Win32
		{9C01A9D1-431F-4970-889D-00E1F7613950}.Debug|x64.ActiveCfg = Debug|x64
		{9C01A9D1-431F-4970-889D-00E1F7613950}.Debug|x64.Build.0 = Debug|x64
		{9C01A9D1-431F-4970-889D-00E1F7613950}.Debug|x86.ActiveCfg = Debug|Win32
		{9C01A9D1-431F-4970-889D-00E1F7613950}.Debug|x86.Build.0 = Debug|Win32
		{9C01A9D1-431F-4970-889D-00E1F7613950}.Release|x64.ActiveCfg = Release|x64
		{9C01A9D1-431F-4970-889D-00E1F7613950}.Release|x64.Build.0 = Release|x64
		{9C01A9D1-431F-4970-889D-00E1F7613950}.Release|x86.ActiveCfg = Release|Win32
		{9C01A9D1-431F-4970-889D-00E1F7613950}.Release|x86.Build.0 = Release|Win32
		{99DA50D3-9059-400B-ABF5-BE4AFDBE87F1}.Debug|x64.ActiveCfg = Debug|x64
		{99DA50D3-9059-400B-ABF5-BE4AFDBE87F1}.Debug|x64.Build.0 = Debug|x64
		{99DA50D3-9059-400B-ABF5-BE4AFDBE87F1}.Debug|x86.ActiveCfg = Debug|Win32
		{99DA50D3-9059-400B-ABF5-BE4AFDBE87F1}.Debug|x86.Build.0 = Debug|Win32
		{99DA50D3-9059-400B-ABF5-BE4AFDBE87F1}.Release|x64.ActiveCfg = Release|x64
		{99DA50D3-9059-400B-ABF5-BE4AFDBE87F1}.Release|x64.Build.0 = Release|x64
		{99DA50D3-9059-400B-ABF5-BE4AFDBE87F1}.Release|x86.ActiveCfg = Release|Win32
		{99DA50D3-9059-400B-ABF5-BE4AFDBE87F1}.Release|x86.Build.0 = Release|Win32
		{4717403C-7C00-4AA8-A800-8DEFC4F56D89}.Debug|x64.ActiveCfg = Debug|x64
		{4717403C-7C00-4AA8-A800-8DEFC4F56D89}.Debug|x64.Build.0 = Debug|x64
		{4717403C-7C00-4AA8-A800-8DEFC4F56D89}.Debug|x86.ActiveCfg = Debug|Win32
		{4717403C-7C00-4AA8-A800-8DEFC4F56D89}.Debug|x86.Build.0 = Debug|Win32
		{4717403C-7C00-4AA8-A800-8DEFC4F56D89}.Release|x64.ActiveCfg = Release|x64
		{4717403C-7C00-4AA8-A800-8DEFC4F56D89}.Release|x64.Build.0 = Release|x64
		{4717403C-7C00-4AA8-A800-8DEFC4F56D89}.Release|x86.ActiveCfg = Release|Win32
		{4717403C-7C00-4AA8-A800-8DEFC4F56D89}.Release|x86.Build.0 = Release|Win32
		{28B0515A-42C8-4227-842E-C3A466A4DB61}.Debug|x64.ActiveCfg = Debug|x64
		{28B0515A-42C8-4227-842E-C3A466A4DB61}.Debug|x64.Build.0 = Debug|x64
		{28B0515A-42C8-4227-842E-C3A466A4DB61}.Debug|x86.ActiveCfg = Debug|Win32
		{28B0515A-42C8-4227-842E-C3A466A4DB61}.Debug|x86.Build.0 = Debug|Win32
		{28B0515A-42C8-4227-842E-C3A466A4DB61}.Release|x64.ActiveCfg = Release|x64
		{28B0515A-42C8-4227-842E-C3A466A4DB61}.Release|x64.Build.0 = Release|x64
		{28B0515A-42C8-4227-842E-C3A466A4DB61}.Release|x86.ActiveCfg = Release|Win32
		{28B0515A-42C8-4227-842E-C3A466A4DB61}.Release|x86.Build.0 = Release|Win32
		{EBAD38FD-819B-4BCB-9445-2B7ADF22DFE2}.Debug|x64.ActiveCfg = Debug|x64
		{EBAD38FD-819B-4BCB-9445-2B7ADF22DFE2}.Debug|x64.Build.0 = Debug|x64
		{EBAD38FD-819B-4BCB-9445-2B7ADF22DFE2}.Debug|x86.ActiveCfg = Debug|Win32
		{EBAD38FD-819B-4BCB-9445-2B7ADF22DFE2}.Debug|x86.Build.0 = Debug|Win32
		{EBAD38FD-819B-4BCB-9445-2B7ADF22DFE2}.Release|x64.ActiveCfg = Release|x64
		{EBAD38FD-819B-4BCB-9445-2B7ADF22DFE2}.Release|x64.Build.0 = Release|x64
		{EBAD38FD-819B-4BCB-9445-2B7ADF22DFE2}.Release|x86.ActiveCfg = Release|Win32
		{EBAD38FD-819B-4BCB-9445-2B7ADF22DFE2}.Release|x86.Build.0 = Release|Win32
		{466A42A5-75D1-4EE9-8018-FE7AF4975330}.Debug|x64.ActiveCfg = Debug|x64
		{466A42A5-75D1-4EE9-8018-FE7AF4975330}.Debug|x64.Build.0 = Debug|x64
		{466A42A5-75D1-4EE9-8018-FE7AF4975330}.Debug|x86.ActiveCfg = Debug|Win32
		{466A42A5-75D1-4EE9-8018-FE7AF4975330}.Debug|x86.Build.0 = Debug|Win32
		{466A42A5-75D1-4EE9-8018-FE7AF4975330}.Release|x64.ActiveCfg = Release|x64
		{466A42A5-75D1-4EE9-8018-FE7AF4975330}.Release|x64.Build.0 = Release|x64
		{466A42A5-75D1-4EE9-8018-FE7AF4975330}.Release|x86.ActiveCfg = Release|Win32
		{466A42A5-75D1-4EE9-8018-FE7AF4975330}.Release|x86.Build.0 = Release|Win32
		{969B9C0C-3DFA-462D-9545-42587F29B48B}.Debug|x64.ActiveCfg = Debug|x64
		{969B9C0C-3DFA-462D-9545-42587F29B48B}.Debug|x64.Build.0 = Debug|x64
		{969B9C0C-3DFA-462D-9545-42587F29B48B}.Debug|x86.ActiveCfg = Debug|Win32
		{969B9C0C-3DFA-462D-9545-42587F29B48B}.Debug|x86.Build.0 = Debug|Win32
		{969B9C0C-3DFA-462D-9545-42587F29B48B}.Release|x64.ActiveCfg = Release|x64
		{969B9C0C-3DFA-462D-9545-42587F29B48B}.Release|x64.Build.0 = Release|x64
		{969B9C0C-3DFA-462D-9545-42587F29B48B}.Release|x86.ActiveCfg = Release|Win32
		{969B9C0C-3DFA-462D-9545-42587F29B48B}.Release|x86.Build.0 = Release|Win32
		{EE2B780F-2A39-43C5-8341-C475732101B9}.Debug|x64.ActiveCfg = Debug|x64
		{EE2B780F-2A39-43C5-8341-C475732101B9}.Debug|x64.Build.0 = Debug|x64
		{EE2B780F-2A39-43C5-8341-C475732101B9}.Debug|x86.ActiveCfg = Debug|Win32
		{EE2B780F-2A39-43C5-8341-C475732101B9}.Debug|x86.Build.0 = Debug|Win32
		{EE2B780F-2A39-43C5-8341-C475732101B9}.Release|x64.ActiveCfg = Release|x64
		{EE2B780F-2A39-43C5-8341-C475732101B9}.Release|x64.Build.0 = Release|x64
		{EE2B780F-2A39-43C5-8341-C475732101B9}.Release|x86.ActiveCfg = Release|Win32
		{EE2B780F-2A39-43C5-8341-C475732101B9}.Release|x86.Build.0 = Release|Win32
	EndGlobalSection
	GlobalSection(SolutionProperties) = preSolution
		HideSolutionNode = FALSE
	EndGlobalSection
	GlobalSection(NestedProjects) = preSolution
		{D2426979-3FA3-471F-8B43-8D8667215044} = {2994D047-A097-4D74-AAD2-C1C120245C4C}
		{FA75ED9B-7233-4FE6-8241-C4CA7FBCD3CF} = {4951688E-31CD-4B55-933B-A6229D7C3EC5}
		{E6ED5C1E-7BB0-4C60-AF97-A34F79D0EEEE} = {FA75ED9B-7233-4FE6-8241-C4CA7FBCD3CF}
		{A3ED404C-E530-443B-A4BC-BFA7625EB1AF} = {4951688E-31CD-4B55-933B-A6229D7C3EC5}
		{3E1A4A5A-A6FA-441A-9824-B57FF5311A6C} = {A3ED404C-E530-443B-A4BC-BFA7625EB1AF}
		{08F02AC3-7F10-4690-89A5-BBF77975F7AD} = {FA75ED9B-7233-4FE6-8241-C4CA7FBCD3CF}
		{00E9BE53-FF85-41CF-BA55-1CF6F4DFF544} = {FA75ED9B-7233-4FE6-8241-C4CA7FBCD3CF}
		{C122218A-4542-4266-AA8D-771C35549D23} = {A3ED404C-E530-443B-A4BC-BFA7625EB1AF}
		{9059E25A-4F94-4496-8DE9-4308DAE175F4} = {629A2468-53AD-427B-8B4D-8D41A3A5F4F9}
		{AE2164EC-6082-4308-A319-18D4A977B0BF} = {9059E25A-4F94-4496-8DE9-4308DAE175F4}
		{5D1C4CAE-FC56-4C6C-8092-32AF1592010C} = {9059E25A-4F94-4496-8DE9-4308DAE175F4}
		{0BD2C652-1056-4A05-A20A-0202545F91B2} = {9059E25A-4F94-4496-8DE9-4308DAE175F4}
		{28C5D4BA-922C-4316-A512-C2265674EC02} = {9059E25A-4F94-4496-8DE9-4308DAE175F4}
		{BC0E5116-999B-4575-8F28-431A2899AF0A} = {2994D047-A097-4D74-AAD2-C1C120245C4C}
		{D4225578-D33F-401A-9F35-490493FAEE74} = {2994D047-A097-4D74-AAD2-C1C120245C4C}
		{DD50A940-14B1-4C40-A7C1-6474D81179CB} = {2994D047-A097-4D74-AAD2-C1C120245C4C}
		{289DF232-B2F8-43FF-A56A-1E9A786530F8} = {2994D047-A097-4D74-AAD2-C1C120245C4C}
		{97F06CB6-9DBA-43ED-8717-247B1CCD8E42} = {ADB28722-F320-42AD-A5BF-16669A8A6AC4}
		{8F550C49-91DC-4D29-BEB9-E174E277FD75} = {97F06CB6-9DBA-43ED-8717-247B1CCD8E42}
		{4934F764-54C4-4A17-BF71-FD53DC9DEA95} = {2994D047-A097-4D74-AAD2-C1C120245C4C}
		{5AA3F08A-86AA-4546-BA4A-7125EE7B27CE} = {97F06CB6-9DBA-43ED-8717-247B1CCD8E42}
		{64C8BC4C-5B27-4B0A-BE8B-C09042040ABD} = {2994D047-A097-4D74-AAD2-C1C120245C4C}
		{DC99AF08-049D-450D-9F27-B58976E32C65} = {97F06CB6-9DBA-43ED-8717-247B1CCD8E42}
		{C77655C6-CC23-4F9F-8435-5D1D49EA99F4} = {97F06CB6-9DBA-43ED-8717-247B1CCD8E42}
		{77A18860-55CE-463E-9FD9-58DA01D7F18E} = {2994D047-A097-4D74-AAD2-C1C120245C4C}
		{75EFDE8D-16AD-4EDD-AE0F-DD17DACAB4B3} = {97F06CB6-9DBA-43ED-8717-247B1CCD8E42}
		{E56E3C42-F069-4D00-989F-B72B919189E5} = {2994D047-A097-4D74-AAD2-C1C120245C4C}
		{E093D124-1BE3-477B-922D-3EEC96B99B00} = {2994D047-A097-4D74-AAD2-C1C120245C4C}
		{3606BD43-C7C1-4B66-B770-8D048DA3AA18} = {2994D047-A097-4D74-AAD2-C1C120245C4C}
		{5A0E2621-F967-4311-A6A1-84695663F9FA} = {2994D047-A097-4D74-AAD2-C1C120245C4C}
		{EF1DD155-B287-4D43-8BFD-21E7B389B898} = {97F06CB6-9DBA-43ED-8717-247B1CCD8E42}
		{F63D0993-D2FF-4967-B9C4-F41961CA29D7} = {ADB28722-F320-42AD-A5BF-16669A8A6AC4}
		{0D53E6BC-05C9-447F-A704-7B7CB1DDC51C} = {F63D0993-D2FF-4967-B9C4-F41961CA29D7}
		{21EE60E3-7CB1-409A-A6A5-AC2527582026} = {2994D047-A097-4D74-AAD2-C1C120245C4C}
		{A721E8A3-85A2-42D7-8D79-E49C09909826} = {2A415D39-23D2-4E30-9AAD-C113330D55FF}
		{B9F7A90C-2BD0-4456-AB7C-2FEC8DEF32A1} = {A721E8A3-85A2-42D7-8D79-E49C09909826}
		{2103265D-CBA1-43B3-AC0E-7C5FEA94AFF1} = {A721E8A3-85A2-42D7-8D79-E49C09909826}
		{A9B92B05-2E40-417F-B5E5-F881DB721B0B} = {A721E8A3-85A2-42D7-8D79-E49C09909826}
		{959F0899-E4E5-4B17-857F-EA5C6C71D3A2} = {2A415D39-23D2-4E30-9AAD-C113330D55FF}
		{6C4BAA54-FDCE-4FF1-8EAE-FB2321835590} = {959F0899-E4E5-4B17-857F-EA5C6C71D3A2}
		{374812D7-DD52-4EC4-AC02-C4F3EF53225F} = {28BA6D8D-85AD-4B6F-9B32-7538D296EFE8}
		{A63473A5-EA39-4D45-9B80-7F9176F8F52C} = {1D6B27B6-8E87-49BB-B9F8-FD5B03D35E28}
		{825397C3-56D6-4787-9D7D-9D29C18D2E4D} = {A63473A5-EA39-4D45-9B80-7F9176F8F52C}
		{6C6DE328-4B64-4F43-9366-74356775525C} = {A63473A5-EA39-4D45-9B80-7F9176F8F52C}
		{81A116F8-6198-4976-8680-EF42DA2F9FD1} = {1D6B27B6-8E87-49BB-B9F8-FD5B03D35E28}
		{229A49F3-2BA0-4204-A6E6-01B6E863A0D0} = {81A116F8-6198-4976-8680-EF42DA2F9FD1}
		{C78317E7-B97F-456B-877F-DE1A8AA2B8BC} = {81A116F8-6198-4976-8680-EF42DA2F9FD1}
		{A77AA5DA-3F75-4CFF-B1DD-712AB8B1DB30} = {C8092E66-E408-4DCC-B832-2C97BF65FDF7}
		{9B3CE0F1-B6BD-4700-B985-C83BA0C83DE2} = {C8092E66-E408-4DCC-B832-2C97BF65FDF7}
		{FB496D22-1862-4B6C-8555-3A07874A8C75} = {2994D047-A097-4D74-AAD2-C1C120245C4C}
		{A428C31A-D376-4820-92DE-71FD6F87BB23} = {A77AA5DA-3F75-4CFF-B1DD-712AB8B1DB30}
		{3275793D-156B-43A0-9264-345BBCB1D977} = {A77AA5DA-3F75-4CFF-B1DD-712AB8B1DB30}
		{BCF012D2-0CCB-4E70-AEA7-0DADABEB06F1} = {A77AA5DA-3F75-4CFF-B1DD-712AB8B1DB30}
		{165B8AC6-796D-4435-88D2-16F4DD89D042} = {4118B16E-CCDC-4E47-8FB1-CEFEA73293A2}
		{9C01A9D1-431F-4970-889D-00E1F7613950} = {165B8AC6-796D-4435-88D2-16F4DD89D042}
		{99DA50D3-9059-400B-ABF5-BE4AFDBE87F1} = {7ACD2545-4064-4DEC-AF4A-BBDFDD42EDB7}
		{4717403C-7C00-4AA8-A800-8DEFC4F56D89} = {7ACD2545-4064-4DEC-AF4A-BBDFDD42EDB7}
		{28B0515A-42C8-4227-842E-C3A466A4DB61} = {374812D7-DD52-4EC4-AC02-C4F3EF53225F}
		{EBAD38FD-819B-4BCB-9445-2B7ADF22DFE2} = {374812D7-DD52-4EC4-AC02-C4F3EF53225F}
		{466A42A5-75D1-4EE9-8018-FE7AF4975330} = {374812D7-DD52-4EC4-AC02-C4F3EF53225F}
		{969B9C0C-3DFA-462D-9545-42587F29B48B} = {374812D7-DD52-4EC4-AC02-C4F3EF53225F}
		{EE2B780F-2A39-43C5-8341-C475732101B9} = {A63473A5-EA39-4D45-9B80-7F9176F8F52C}
	EndGlobalSection
	GlobalSection(ExtensibilityGlobals) = postSolution
		SolutionGuid = {5187C5C7-F19B-4F2E-ACE4-1D901FA279C4}
	EndGlobalSection
EndGlobal
